// !$*UTF8*$!
{
	archiveVersion = 1;
	classes = {
	};
	objectVersion = 51;
	objects = {

/* Begin PBXBuildFile section */
		05D91B1A2652007E00F788C5 /* AppDelegate.swift in Sources */ = {isa = PBXBuildFile; fileRef = 05D91B192652007E00F788C5 /* AppDelegate.swift */; };
		05D91B1C2652007E00F788C5 /* SceneDelegate.swift in Sources */ = {isa = PBXBuildFile; fileRef = 05D91B1B2652007E00F788C5 /* SceneDelegate.swift */; };
		05D91B1E2652007E00F788C5 /* ViewController.swift in Sources */ = {isa = PBXBuildFile; fileRef = 05D91B1D2652007E00F788C5 /* ViewController.swift */; };
		05D91B212652007E00F788C5 /* Main.storyboard in Resources */ = {isa = PBXBuildFile; fileRef = 05D91B1F2652007E00F788C5 /* Main.storyboard */; };
		05D91B232652008900F788C5 /* Assets.xcassets in Resources */ = {isa = PBXBuildFile; fileRef = 05D91B222652008900F788C5 /* Assets.xcassets */; };
		05D91B262652008900F788C5 /* LaunchScreen.storyboard in Resources */ = {isa = PBXBuildFile; fileRef = 05D91B242652008900F788C5 /* LaunchScreen.storyboard */; };
		05D91B2F2652173100F788C5 /* LoginViewController.swift in Sources */ = {isa = PBXBuildFile; fileRef = 05D91B2E2652173100F788C5 /* LoginViewController.swift */; };
		05D91B312652211B00F788C5 /* GoogleService-Info.plist in Resources */ = {isa = PBXBuildFile; fileRef = 05D91B302652211B00F788C5 /* GoogleService-Info.plist */; };
		05D91B332652797B00F788C5 /* CheckViewController.swift in Sources */ = {isa = PBXBuildFile; fileRef = 05D91B322652797B00F788C5 /* CheckViewController.swift */; };
		05D91B3626528E3D00F788C5 /* AnswersModel.swift in Sources */ = {isa = PBXBuildFile; fileRef = 05D91B3526528E3D00F788C5 /* AnswersModel.swift */; };
		05D91B382653556500F788C5 /* CommentViewController.swift in Sources */ = {isa = PBXBuildFile; fileRef = 05D91B372653556500F788C5 /* CommentViewController.swift */; };
		05D91B3A2653691400F788C5 /* CommentModel.swift in Sources */ = {isa = PBXBuildFile; fileRef = 05D91B392653691400F788C5 /* CommentModel.swift */; };
		7B847E8BCDA3506B2DEC02FB /* Pods_Swift6FireStore08.framework in Frameworks */ = {isa = PBXBuildFile; fileRef = 918A85F2F7F2039B02F93148 /* Pods_Swift6FireStore08.framework */; };
/* End PBXBuildFile section */

/* Begin PBXFileReference section */
		05D91B162652007E00F788C5 /* Swift6FireStore08.app */ = {isa = PBXFileReference; explicitFileType = wrapper.application; includeInIndex = 0; path = Swift6FireStore08.app; sourceTree = BUILT_PRODUCTS_DIR; };
		05D91B192652007E00F788C5 /* AppDelegate.swift */ = {isa = PBXFileReference; lastKnownFileType = sourcecode.swift; path = AppDelegate.swift; sourceTree = "<group>"; };
		05D91B1B2652007E00F788C5 /* SceneDelegate.swift */ = {isa = PBXFileReference; lastKnownFileType = sourcecode.swift; path = SceneDelegate.swift; sourceTree = "<group>"; };
		05D91B1D2652007E00F788C5 /* ViewController.swift */ = {isa = PBXFileReference; lastKnownFileType = sourcecode.swift; path = ViewController.swift; sourceTree = "<group>"; };
		05D91B202652007E00F788C5 /* Base */ = {isa = PBXFileReference; lastKnownFileType = file.storyboard; name = Base; path = Base.lproj/Main.storyboard; sourceTree = "<group>"; };
		05D91B222652008900F788C5 /* Assets.xcassets */ = {isa = PBXFileReference; lastKnownFileType = folder.assetcatalog; path = Assets.xcassets; sourceTree = "<group>"; };
		05D91B252652008900F788C5 /* Base */ = {isa = PBXFileReference; lastKnownFileType = file.storyboard; name = Base; path = Base.lproj/LaunchScreen.storyboard; sourceTree = "<group>"; };
		05D91B272652008900F788C5 /* Info.plist */ = {isa = PBXFileReference; lastKnownFileType = text.plist.xml; path = Info.plist; sourceTree = "<group>"; };
		05D91B2E2652173100F788C5 /* LoginViewController.swift */ = {isa = PBXFileReference; lastKnownFileType = sourcecode.swift; path = LoginViewController.swift; sourceTree = "<group>"; };
		05D91B302652211B00F788C5 /* GoogleService-Info.plist */ = {isa = PBXFileReference; fileEncoding = 4; lastKnownFileType = text.plist.xml; path = "GoogleService-Info.plist"; sourceTree = "<group>"; };
		05D91B322652797B00F788C5 /* CheckViewController.swift */ = {isa = PBXFileReference; lastKnownFileType = sourcecode.swift; path = CheckViewController.swift; sourceTree = "<group>"; };
		05D91B3526528E3D00F788C5 /* AnswersModel.swift */ = {isa = PBXFileReference; lastKnownFileType = sourcecode.swift; path = AnswersModel.swift; sourceTree = "<group>"; };
		05D91B372653556500F788C5 /* CommentViewController.swift */ = {isa = PBXFileReference; lastKnownFileType = sourcecode.swift; path = CommentViewController.swift; sourceTree = "<group>"; };
		05D91B392653691400F788C5 /* CommentModel.swift */ = {isa = PBXFileReference; lastKnownFileType = sourcecode.swift; path = CommentModel.swift; sourceTree = "<group>"; };
		918A85F2F7F2039B02F93148 /* Pods_Swift6FireStore08.framework */ = {isa = PBXFileReference; explicitFileType = wrapper.framework; includeInIndex = 0; path = Pods_Swift6FireStore08.framework; sourceTree = BUILT_PRODUCTS_DIR; };
		CD1B15EDDD586871B22AA68B /* Pods-Swift6FireStore08.debug.xcconfig */ = {isa = PBXFileReference; includeInIndex = 1; lastKnownFileType = text.xcconfig; name = "Pods-Swift6FireStore08.debug.xcconfig"; path = "Target Support Files/Pods-Swift6FireStore08/Pods-Swift6FireStore08.debug.xcconfig"; sourceTree = "<group>"; };
		D6C84DF241A0FCC89ACBEF67 /* Pods-Swift6FireStore08.release.xcconfig */ = {isa = PBXFileReference; includeInIndex = 1; lastKnownFileType = text.xcconfig; name = "Pods-Swift6FireStore08.release.xcconfig"; path = "Target Support Files/Pods-Swift6FireStore08/Pods-Swift6FireStore08.release.xcconfig"; sourceTree = "<group>"; };
/* End PBXFileReference section */

/* Begin PBXFrameworksBuildPhase section */
		05D91B132652007E00F788C5 /* Frameworks */ = {
			isa = PBXFrameworksBuildPhase;
			buildActionMask = 2147483647;
			files = (
				7B847E8BCDA3506B2DEC02FB /* Pods_Swift6FireStore08.framework in Frameworks */,
			);
			runOnlyForDeploymentPostprocessing = 0;
		};
/* End PBXFrameworksBuildPhase section */

/* Begin PBXGroup section */
		05D91B0D2652007E00F788C5 = {
			isa = PBXGroup;
			children = (
				05D91B182652007E00F788C5 /* Swift6FireStore08 */,
				05D91B172652007E00F788C5 /* Products */,
				810D321ABEE7E3B85B4015B1 /* Pods */,
				53968BE48E5F0254C906716C /* Frameworks */,
			);
			sourceTree = "<group>";
		};
		05D91B172652007E00F788C5 /* Products */ = {
			isa = PBXGroup;
			children = (
				05D91B162652007E00F788C5 /* Swift6FireStore08.app */,
			);
			name = Products;
			sourceTree = "<group>";
		};
		05D91B182652007E00F788C5 /* Swift6FireStore08 */ = {
			isa = PBXGroup;
			children = (
				05D91B192652007E00F788C5 /* AppDelegate.swift */,
				05D91B1B2652007E00F788C5 /* SceneDelegate.swift */,
				05D91B3426528E1C00F788C5 /* Model */,
				05D91B2D2652171200F788C5 /* Controller */,
				05D91B1F2652007E00F788C5 /* Main.storyboard */,
				05D91B222652008900F788C5 /* Assets.xcassets */,
				05D91B242652008900F788C5 /* LaunchScreen.storyboard */,
				05D91B302652211B00F788C5 /* GoogleService-Info.plist */,
				05D91B272652008900F788C5 /* Info.plist */,
			);
			path = Swift6FireStore08;
			sourceTree = "<group>";
		};
		05D91B2D2652171200F788C5 /* Controller */ = {
			isa = PBXGroup;
			children = (
				05D91B1D2652007E00F788C5 /* ViewController.swift */,
				05D91B2E2652173100F788C5 /* LoginViewController.swift */,
				05D91B322652797B00F788C5 /* CheckViewController.swift */,
				05D91B372653556500F788C5 /* CommentViewController.swift */,
			);
			path = Controller;
			sourceTree = "<group>";
		};
		05D91B3426528E1C00F788C5 /* Model */ = {
			isa = PBXGroup;
			children = (
				05D91B3526528E3D00F788C5 /* AnswersModel.swift */,
				05D91B392653691400F788C5 /* CommentModel.swift */,
			);
			path = Model;
			sourceTree = "<group>";
		};
		53968BE48E5F0254C906716C /* Frameworks */ = {
			isa = PBXGroup;
			children = (
				918A85F2F7F2039B02F93148 /* Pods_Swift6FireStore08.framework */,
			);
			name = Frameworks;
			sourceTree = "<group>";
		};
		810D321ABEE7E3B85B4015B1 /* Pods */ = {
			isa = PBXGroup;
			children = (
				CD1B15EDDD586871B22AA68B /* Pods-Swift6FireStore08.debug.xcconfig */,
				D6C84DF241A0FCC89ACBEF67 /* Pods-Swift6FireStore08.release.xcconfig */,
			);
			path = Pods;
			sourceTree = "<group>";
		};
/* End PBXGroup section */

/* Begin PBXNativeTarget section */
		05D91B152652007E00F788C5 /* Swift6FireStore08 */ = {
			isa = PBXNativeTarget;
			buildConfigurationList = 05D91B2A2652008900F788C5 /* Build configuration list for PBXNativeTarget "Swift6FireStore08" */;
			buildPhases = (
				05EE7ED6A32D1166A03CD2CB /* [CP] Check Pods Manifest.lock */,
				05D91B122652007E00F788C5 /* Sources */,
				05D91B132652007E00F788C5 /* Frameworks */,
				05D91B142652007E00F788C5 /* Resources */,
				21A131B9C7F1C29B8EAAA9E2 /* [CP] Embed Pods Frameworks */,
			);
			buildRules = (
			);
			dependencies = (
			);
			name = Swift6FireStore08;
			productName = Swift6FireStore08;
			productReference = 05D91B162652007E00F788C5 /* Swift6FireStore08.app */;
			productType = "com.apple.product-type.application";
		};
/* End PBXNativeTarget section */

/* Begin PBXProject section */
		05D91B0E2652007E00F788C5 /* Project object */ = {
			isa = PBXProject;
			attributes = {
				LastSwiftUpdateCheck = 1250;
				LastUpgradeCheck = 1250;
				TargetAttributes = {
					05D91B152652007E00F788C5 = {
						CreatedOnToolsVersion = 12.5;
					};
				};
			};
			buildConfigurationList = 05D91B112652007E00F788C5 /* Build configuration list for PBXProject "Swift6FireStore08" */;
			compatibilityVersion = "Xcode 9.3";
			developmentRegion = en;
			hasScannedForEncodings = 0;
			knownRegions = (
				en,
				Base,
			);
			mainGroup = 05D91B0D2652007E00F788C5;
			productRefGroup = 05D91B172652007E00F788C5 /* Products */;
			projectDirPath = "";
			projectRoot = "";
			targets = (
				05D91B152652007E00F788C5 /* Swift6FireStore08 */,
			);
		};
/* End PBXProject section */

/* Begin PBXResourcesBuildPhase section */
		05D91B142652007E00F788C5 /* Resources */ = {
			isa = PBXResourcesBuildPhase;
			buildActionMask = 2147483647;
			files = (
				05D91B262652008900F788C5 /* LaunchScreen.storyboard in Resources */,
				05D91B232652008900F788C5 /* Assets.xcassets in Resources */,
				05D91B312652211B00F788C5 /* GoogleService-Info.plist in Resources */,
				05D91B212652007E00F788C5 /* Main.storyboard in Resources */,
			);
			runOnlyForDeploymentPostprocessing = 0;
		};
/* End PBXResourcesBuildPhase section */

/* Begin PBXShellScriptBuildPhase section */
		05EE7ED6A32D1166A03CD2CB /* [CP] Check Pods Manifest.lock */ = {
			isa = PBXShellScriptBuildPhase;
			buildActionMask = 2147483647;
			files = (
			);
			inputFileListPaths = (
			);
			inputPaths = (
				"${PODS_PODFILE_DIR_PATH}/Podfile.lock",
				"${PODS_ROOT}/Manifest.lock",
			);
			name = "[CP] Check Pods Manifest.lock";
			outputFileListPaths = (
			);
			outputPaths = (
				"$(DERIVED_FILE_DIR)/Pods-Swift6FireStore08-checkManifestLockResult.txt",
			);
			runOnlyForDeploymentPostprocessing = 0;
			shellPath = /bin/sh;
			shellScript = "diff \"${PODS_PODFILE_DIR_PATH}/Podfile.lock\" \"${PODS_ROOT}/Manifest.lock\" > /dev/null\nif [ $? != 0 ] ; then\n    # print error to STDERR\n    echo \"error: The sandbox is not in sync with the Podfile.lock. Run 'pod install' or update your CocoaPods installation.\" >&2\n    exit 1\nfi\n# This output is used by Xcode 'outputs' to avoid re-running this script phase.\necho \"SUCCESS\" > \"${SCRIPT_OUTPUT_FILE_0}\"\n";
			showEnvVarsInLog = 0;
		};
		21A131B9C7F1C29B8EAAA9E2 /* [CP] Embed Pods Frameworks */ = {
			isa = PBXShellScriptBuildPhase;
			buildActionMask = 2147483647;
			files = (
			);
			inputFileListPaths = (
				"${PODS_ROOT}/Target Support Files/Pods-Swift6FireStore08/Pods-Swift6FireStore08-frameworks-${CONFIGURATION}-input-files.xcfilelist",
			);
			name = "[CP] Embed Pods Frameworks";
			outputFileListPaths = (
				"${PODS_ROOT}/Target Support Files/Pods-Swift6FireStore08/Pods-Swift6FireStore08-frameworks-${CONFIGURATION}-output-files.xcfilelist",
			);
			runOnlyForDeploymentPostprocessing = 0;
			shellPath = /bin/sh;
			shellScript = "\"${PODS_ROOT}/Target Support Files/Pods-Swift6FireStore08/Pods-Swift6FireStore08-frameworks.sh\"\n";
			showEnvVarsInLog = 0;
		};
/* End PBXShellScriptBuildPhase section */

/* Begin PBXSourcesBuildPhase section */
		05D91B122652007E00F788C5 /* Sources */ = {
			isa = PBXSourcesBuildPhase;
			buildActionMask = 2147483647;
			files = (
				05D91B382653556500F788C5 /* CommentViewController.swift in Sources */,
				05D91B3A2653691400F788C5 /* CommentModel.swift in Sources */,
				05D91B2F2652173100F788C5 /* LoginViewController.swift in Sources */,
				05D91B3626528E3D00F788C5 /* AnswersModel.swift in Sources */,
				05D91B1E2652007E00F788C5 /* ViewController.swift in Sources */,
				05D91B1A2652007E00F788C5 /* AppDelegate.swift in Sources */,
				05D91B332652797B00F788C5 /* CheckViewController.swift in Sources */,
				05D91B1C2652007E00F788C5 /* SceneDelegate.swift in Sources */,
			);
			runOnlyForDeploymentPostprocessing = 0;
		};
/* End PBXSourcesBuildPhase section */

/* Begin PBXVariantGroup section */
		05D91B1F2652007E00F788C5 /* Main.storyboard */ = {
			isa = PBXVariantGroup;
			children = (
				05D91B202652007E00F788C5 /* Base */,
			);
			name = Main.storyboard;
			sourceTree = "<group>";
		};
		05D91B242652008900F788C5 /* LaunchScreen.storyboard */ = {
			isa = PBXVariantGroup;
			children = (
				05D91B252652008900F788C5 /* Base */,
			);
			name = LaunchScreen.storyboard;
			sourceTree = "<group>";
		};
/* End PBXVariantGroup section */

/* Begin XCBuildConfiguration section */
		05D91B282652008900F788C5 /* Debug */ = {
			isa = XCBuildConfiguration;
			buildSettings = {
				ALWAYS_SEARCH_USER_PATHS = NO;
				CLANG_ANALYZER_NONNULL = YES;
				CLANG_ANALYZER_NUMBER_OBJECT_CONVERSION = YES_AGGRESSIVE;
				CLANG_CXX_LANGUAGE_STANDARD = "gnu++14";
				CLANG_CXX_LIBRARY = "libc++";
				CLANG_ENABLE_MODULES = YES;
				CLANG_ENABLE_OBJC_ARC = YES;
				CLANG_ENABLE_OBJC_WEAK = YES;
				CLANG_WARN_BLOCK_CAPTURE_AUTORELEASING = YES;
				CLANG_WARN_BOOL_CONVERSION = YES;
				CLANG_WARN_COMMA = YES;
				CLANG_WARN_CONSTANT_CONVERSION = YES;
				CLANG_WARN_DEPRECATED_OBJC_IMPLEMENTATIONS = YES;
				CLANG_WARN_DIRECT_OBJC_ISA_USAGE = YES_ERROR;
				CLANG_WARN_DOCUMENTATION_COMMENTS = YES;
				CLANG_WARN_EMPTY_BODY = YES;
				CLANG_WARN_ENUM_CONVERSION = YES;
				CLANG_WARN_INFINITE_RECURSION = YES;
				CLANG_WARN_INT_CONVERSION = YES;
				CLANG_WARN_NON_LITERAL_NULL_CONVERSION = YES;
				CLANG_WARN_OBJC_IMPLICIT_RETAIN_SELF = YES;
				CLANG_WARN_OBJC_LITERAL_CONVERSION = YES;
				CLANG_WARN_OBJC_ROOT_CLASS = YES_ERROR;
				CLANG_WARN_QUOTED_INCLUDE_IN_FRAMEWORK_HEADER = YES;
				CLANG_WARN_RANGE_LOOP_ANALYSIS = YES;
				CLANG_WARN_STRICT_PROTOTYPES = YES;
				CLANG_WARN_SUSPICIOUS_MOVE = YES;
				CLANG_WARN_UNGUARDED_AVAILABILITY = YES_AGGRESSIVE;
				CLANG_WARN_UNREACHABLE_CODE = YES;
				CLANG_WARN__DUPLICATE_METHOD_MATCH = YES;
				COPY_PHASE_STRIP = NO;
				DEBUG_INFORMATION_FORMAT = dwarf;
				ENABLE_STRICT_OBJC_MSGSEND = YES;
				ENABLE_TESTABILITY = YES;
				GCC_C_LANGUAGE_STANDARD = gnu11;
				GCC_DYNAMIC_NO_PIC = NO;
				GCC_NO_COMMON_BLOCKS = YES;
				GCC_OPTIMIZATION_LEVEL = 0;
				GCC_PREPROCESSOR_DEFINITIONS = (
					"DEBUG=1",
					"$(inherited)",
				);
				GCC_WARN_64_TO_32_BIT_CONVERSION = YES;
				GCC_WARN_ABOUT_RETURN_TYPE = YES_ERROR;
				GCC_WARN_UNDECLARED_SELECTOR = YES;
				GCC_WARN_UNINITIALIZED_AUTOS = YES_AGGRESSIVE;
				GCC_WARN_UNUSED_FUNCTION = YES;
				GCC_WARN_UNUSED_VARIABLE = YES;
				IPHONEOS_DEPLOYMENT_TARGET = 14.5;
				MTL_ENABLE_DEBUG_INFO = INCLUDE_SOURCE;
				MTL_FAST_MATH = YES;
				ONLY_ACTIVE_ARCH = YES;
				SDKROOT = iphoneos;
				SWIFT_ACTIVE_COMPILATION_CONDITIONS = DEBUG;
				SWIFT_OPTIMIZATION_LEVEL = "-Onone";
			};
			name = Debug;
		};
		05D91B292652008900F788C5 /* Release */ = {
			isa = XCBuildConfiguration;
			buildSettings = {
				ALWAYS_SEARCH_USER_PATHS = NO;
				CLANG_ANALYZER_NONNULL = YES;
				CLANG_ANALYZER_NUMBER_OBJECT_CONVERSION = YES_AGGRESSIVE;
				CLANG_CXX_LANGUAGE_STANDARD = "gnu++14";
				CLANG_CXX_LIBRARY = "libc++";
				CLANG_ENABLE_MODULES = YES;
				CLANG_ENABLE_OBJC_ARC = YES;
				CLANG_ENABLE_OBJC_WEAK = YES;
				CLANG_WARN_BLOCK_CAPTURE_AUTORELEASING = YES;
				CLANG_WARN_BOOL_CONVERSION = YES;
				CLANG_WARN_COMMA = YES;
				CLANG_WARN_CONSTANT_CONVERSION = YES;
				CLANG_WARN_DEPRECATED_OBJC_IMPLEMENTATIONS = YES;
				CLANG_WARN_DIRECT_OBJC_ISA_USAGE = YES_ERROR;
				CLANG_WARN_DOCUMENTATION_COMMENTS = YES;
				CLANG_WARN_EMPTY_BODY = YES;
				CLANG_WARN_ENUM_CONVERSION = YES;
				CLANG_WARN_INFINITE_RECURSION = YES;
				CLANG_WARN_INT_CONVERSION = YES;
				CLANG_WARN_NON_LITERAL_NULL_CONVERSION = YES;
				CLANG_WARN_OBJC_IMPLICIT_RETAIN_SELF = YES;
				CLANG_WARN_OBJC_LITERAL_CONVERSION = YES;
				CLANG_WARN_OBJC_ROOT_CLASS = YES_ERROR;
				CLANG_WARN_QUOTED_INCLUDE_IN_FRAMEWORK_HEADER = YES;
				CLANG_WARN_RANGE_LOOP_ANALYSIS = YES;
				CLANG_WARN_STRICT_PROTOTYPES = YES;
				CLANG_WARN_SUSPICIOUS_MOVE = YES;
				CLANG_WARN_UNGUARDED_AVAILABILITY = YES_AGGRESSIVE;
				CLANG_WARN_UNREACHABLE_CODE = YES;
				CLANG_WARN__DUPLICATE_METHOD_MATCH = YES;
				COPY_PHASE_STRIP = NO;
				DEBUG_INFORMATION_FORMAT = "dwarf-with-dsym";
				ENABLE_NS_ASSERTIONS = NO;
				ENABLE_STRICT_OBJC_MSGSEND = YES;
				GCC_C_LANGUAGE_STANDARD = gnu11;
				GCC_NO_COMMON_BLOCKS = YES;
				GCC_WARN_64_TO_32_BIT_CONVERSION = YES;
				GCC_WARN_ABOUT_RETURN_TYPE = YES_ERROR;
				GCC_WARN_UNDECLARED_SELECTOR = YES;
				GCC_WARN_UNINITIALIZED_AUTOS = YES_AGGRESSIVE;
				GCC_WARN_UNUSED_FUNCTION = YES;
				GCC_WARN_UNUSED_VARIABLE = YES;
				IPHONEOS_DEPLOYMENT_TARGET = 14.5;
				MTL_ENABLE_DEBUG_INFO = NO;
				MTL_FAST_MATH = YES;
				SDKROOT = iphoneos;
				SWIFT_COMPILATION_MODE = wholemodule;
				SWIFT_OPTIMIZATION_LEVEL = "-O";
				VALIDATE_PRODUCT = YES;
			};
			name = Release;
		};
		05D91B2B2652008900F788C5 /* Debug */ = {
			isa = XCBuildConfiguration;
			baseConfigurationReference = CD1B15EDDD586871B22AA68B /* Pods-Swift6FireStore08.debug.xcconfig */;
			buildSettings = {
				ASSETCATALOG_COMPILER_APPICON_NAME = AppIcon;
				ASSETCATALOG_COMPILER_GLOBAL_ACCENT_COLOR_NAME = AccentColor;
				CODE_SIGN_STYLE = Automatic;
				INFOPLIST_FILE = Swift6FireStore08/Info.plist;
				LD_RUNPATH_SEARCH_PATHS = (
					"$(inherited)",
					"@executable_path/Frameworks",
				);
				PRODUCT_BUNDLE_IDENTIFIER = com.Noneudemy.Swift6FireStore08;
				PRODUCT_NAME = "$(TARGET_NAME)";
				SWIFT_VERSION = 5.0;
				TARGETED_DEVICE_FAMILY = 1;
			};
			name = Debug;
		};
		05D91B2C2652008900F788C5 /* Release */ = {
			isa = XCBuildConfiguration;
			baseConfigurationReference = D6C84DF241A0FCC89ACBEF67 /* Pods-Swift6FireStore08.release.xcconfig */;
			buildSettings = {
				ASSETCATALOG_COMPILER_APPICON_NAME = AppIcon;
				ASSETCATALOG_COMPILER_GLOBAL_ACCENT_COLOR_NAME = AccentColor;
				CODE_SIGN_STYLE = Automatic;
				INFOPLIST_FILE = Swift6FireStore08/Info.plist;
				LD_RUNPATH_SEARCH_PATHS = (
					"$(inherited)",
					"@executable_path/Frameworks",
				);
				PRODUCT_BUNDLE_IDENTIFIER = com.Noneudemy.Swift6FireStore08;
				PRODUCT_NAME = "$(TARGET_NAME)";
				SWIFT_VERSION = 5.0;
				TARGETED_DEVICE_FAMILY = 1;
			};
			name = Release;
		};
/* End XCBuildConfiguration section */

/* Begin XCConfigurationList section */
		05D91B112652007E00F788C5 /* Build configuration list for PBXProject "Swift6FireStore08" */ = {
			isa = XCConfigurationList;
			buildConfigurations = (
				05D91B282652008900F788C5 /* Debug */,
				05D91B292652008900F788C5 /* Release */,
			);
			defaultConfigurationIsVisible = 0;
			defaultConfigurationName = Release;
		};
		05D91B2A2652008900F788C5 /* Build configuration list for PBXNativeTarget "Swift6FireStore08" */ = {
			isa = XCConfigurationList;
			buildConfigurations = (
				05D91B2B2652008900F788C5 /* Debug */,
				05D91B2C2652008900F788C5 /* Release */,
			);
			defaultConfigurationIsVisible = 0;
			defaultConfigurationName = Release;
		};
/* End XCConfigurationList section */
	};
	rootObject = 05D91B0E2652007E00F788C5 /* Project object */;
}
